
Microsoft Visual Studio Solution File, Format Version 12.00
# Visual Studio Version 16
VisualStudioVersion = 16.0.31112.23
MinimumVisualStudioVersion = 10.0.40219.1
Project("{9A19103F-16F7-4668-BE54-9A1E7A4F7556}") = "Envision.WebApi", "Envision.WebApi\Envision.WebApi.csproj", "{947D2717-5AAD-4977-B87F-E97BAD623967}"
EndProject
Project("{FAE04EC0-301F-11D3-BF4B-00C04F79EFBC}") = "Envision.DAL", "Envision.DAL\Envision.DAL.csproj", "{80F10413-5355-4D32-9CDF-55A22603E2F2}"
EndProject
Global
	GlobalSection(SolutionConfigurationPlatforms) = preSolution
		Debug|Any CPU = Debug|Any CPU
		Release|Any CPU = Release|Any CPU
	EndGlobalSection
	GlobalSection(ProjectConfigurationPlatforms) = postSolution
		{947D2717-5AAD-4977-B87F-E97BAD623967}.Debug|Any CPU.ActiveCfg = Debug|Any CPU
		{947D2717-5AAD-4977-B87F-E97BAD623967}.Debug|Any CPU.Build.0 = Debug|Any CPU
		{947D2717-5AAD-4977-B87F-E97BAD623967}.Release|Any CPU.ActiveCfg = Release|Any CPU
		{947D2717-5AAD-4977-B87F-E97BAD623967}.Release|Any CPU.Build.0 = Release|Any CPU
		{80F10413-5355-4D32-9CDF-55A22603E2F2}.Debug|Any CPU.ActiveCfg = Debug|Any CPU
		{80F10413-5355-4D32-9CDF-55A22603E2F2}.Debug|Any CPU.Build.0 = Debug|Any CPU
		{80F10413-5355-4D32-9CDF-55A22603E2F2}.Release|Any CPU.ActiveCfg = Release|Any CPU
		{80F10413-5355-4D32-9CDF-55A22603E2F2}.Release|Any CPU.Build.0 = Release|Any CPU
	EndGlobalSection
	GlobalSection(SolutionProperties) = preSolution
		HideSolutionNode = FALSE
	EndGlobalSection
	GlobalSection(ExtensibilityGlobals) = postSolution
		SolutionGuid = {7CD26130-555B-42FE-B018-41E86C8D2214}
	EndGlobalSection
EndGlobal
